<?xml version="1.0" encoding="UTF-8"?>
<!DOCTYPE plist PUBLIC "-//Apple//DTD PLIST 1.0//EN" "http://www.apple.com/DTDs/PropertyList-1.0.dtd">
<plist version="1.0">
<dict>
	<key>archiveVersion</key>
	<string>1</string>
	<key>classes</key>
	<dict/>
	<key>objectVersion</key>
	<string>46</string>
	<key>objects</key>
	<dict>
		<key>320B90176E5A48C9B98E34A9</key>
		<dict>
			<key>buildActionMask</key>
			<string>2147483647</string>
			<key>files</key>
			<array/>
			<key>inputPaths</key>
			<array/>
			<key>isa</key>
			<string>PBXShellScriptBuildPhase</string>
			<key>name</key>
			<string>Check Pods Manifest.lock</string>
			<key>outputPaths</key>
			<array/>
			<key>runOnlyForDeploymentPostprocessing</key>
			<string>0</string>
			<key>shellPath</key>
			<string>/bin/sh</string>
			<key>shellScript</key>
			<string>diff "${PODS_ROOT}/../Podfile.lock" "${PODS_ROOT}/Manifest.lock" &gt; /dev/null
if [[ $? != 0 ]] ; then
    cat &lt;&lt; EOM
error: The sandbox is not in sync with the Podfile.lock. Run 'pod install' or update your CocoaPods installation.
EOM
    exit 1
fi
</string>
			<key>showEnvVarsInLog</key>
			<string>0</string>
		</dict>
		<key>46C7500CCBE749CBA8D21A79</key>
		<dict>
			<key>explicitFileType</key>
			<string>archive.ar</string>
			<key>includeInIndex</key>
			<string>0</string>
			<key>isa</key>
			<string>PBXFileReference</string>
			<key>path</key>
			<string>libPods.a</string>
			<key>sourceTree</key>
			<string>BUILT_PRODUCTS_DIR</string>
		</dict>
		<key>9ABCC108FC594C44BE9EA9A3</key>
		<dict>
			<key>includeInIndex</key>
			<string>1</string>
			<key>isa</key>
			<string>PBXFileReference</string>
			<key>lastKnownFileType</key>
			<string>text.xcconfig</string>
			<key>name</key>
			<string>Pods.xcconfig</string>
			<key>path</key>
			<string>Pods/Pods.xcconfig</string>
			<key>sourceTree</key>
			<string>&lt;group&gt;</string>
		</dict>
		<key>A8DF58989430426C87A1718A</key>
		<dict>
			<key>buildActionMask</key>
			<string>2147483647</string>
			<key>files</key>
			<array/>
			<key>inputPaths</key>
			<array/>
			<key>isa</key>
			<string>PBXShellScriptBuildPhase</string>
			<key>name</key>
			<string>Copy Pods Resources</string>
			<key>outputPaths</key>
			<array/>
			<key>runOnlyForDeploymentPostprocessing</key>
			<string>0</string>
			<key>shellPath</key>
			<string>/bin/sh</string>
			<key>shellScript</key>
			<string>"${SRCROOT}/Pods/Pods-resources.sh"
</string>
			<key>showEnvVarsInLog</key>
			<string>0</string>
		</dict>
		<key>BA689A5F18EEA2B800AF85E1</key>
		<dict>
			<key>children</key>
			<array>
				<string>BA689A7118EEA2B900AF85E1</string>
				<string>BA689A9018EEA2B900AF85E1</string>
				<string>BA689A6A18EEA2B900AF85E1</string>
				<string>BA689A6918EEA2B900AF85E1</string>
				<string>9ABCC108FC594C44BE9EA9A3</string>
			</array>
			<key>isa</key>
			<string>PBXGroup</string>
			<key>sourceTree</key>
			<string>&lt;group&gt;</string>
		</dict>
		<key>BA689A6018EEA2B800AF85E1</key>
		<dict>
			<key>attributes</key>
			<dict>
				<key>CLASSPREFIX</key>
				<string>IM</string>
				<key>LastUpgradeCheck</key>
				<string>0510</string>
				<key>ORGANIZATIONNAME</key>
				<string>weheros</string>
				<key>TargetAttributes</key>
				<dict>
					<key>BA689A8818EEA2B900AF85E1</key>
					<dict>
						<key>TestTargetID</key>
						<string>BA689A6718EEA2B800AF85E1</string>
					</dict>
				</dict>
			</dict>
			<key>buildConfigurationList</key>
			<string>BA689A6318EEA2B800AF85E1</string>
			<key>compatibilityVersion</key>
			<string>Xcode 3.2</string>
			<key>developmentRegion</key>
			<string>English</string>
			<key>hasScannedForEncodings</key>
			<string>0</string>
			<key>isa</key>
			<string>PBXProject</string>
			<key>knownRegions</key>
			<array>
				<string>en</string>
				<string>Base</string>
			</array>
			<key>mainGroup</key>
			<string>BA689A5F18EEA2B800AF85E1</string>
			<key>productRefGroup</key>
			<string>BA689A6918EEA2B900AF85E1</string>
			<key>projectDirPath</key>
			<string></string>
			<key>projectReferences</key>
			<array/>
			<key>projectRoot</key>
			<string></string>
			<key>targets</key>
			<array>
				<string>BA689A6718EEA2B800AF85E1</string>
				<string>BA689A8818EEA2B900AF85E1</string>
			</array>
		</dict>
		<key>BA689A6318EEA2B800AF85E1</key>
		<dict>
			<key>buildConfigurations</key>
			<array>
				<string>BA689A9818EEA2B900AF85E1</string>
				<string>BA689A9918EEA2B900AF85E1</string>
			</array>
			<key>defaultConfigurationIsVisible</key>
			<string>0</string>
			<key>defaultConfigurationName</key>
			<string>Release</string>
			<key>isa</key>
			<string>XCConfigurationList</string>
		</dict>
		<key>BA689A6418EEA2B800AF85E1</key>
		<dict>
			<key>buildActionMask</key>
			<string>2147483647</string>
			<key>files</key>
			<array>
				<string>BA689A7C18EEA2B900AF85E1</string>
				<string>BA689A7818EEA2B900AF85E1</string>
				<string>BA689A8218EEA2B900AF85E1</string>
			</array>
			<key>isa</key>
			<string>PBXSourcesBuildPhase</string>
			<key>runOnlyForDeploymentPostprocessing</key>
			<string>0</string>
		</dict>
		<key>BA689A6518EEA2B800AF85E1</key>
		<dict>
			<key>buildActionMask</key>
			<string>2147483647</string>
			<key>files</key>
			<array>
				<string>BA689A6E18EEA2B900AF85E1</string>
				<string>BA689A7018EEA2B900AF85E1</string>
				<string>BA689A6C18EEA2B900AF85E1</string>
				<string>CA8866F0B32D4AB796A4D3D1</string>
			</array>
			<key>isa</key>
			<string>PBXFrameworksBuildPhase</string>
			<key>runOnlyForDeploymentPostprocessing</key>
			<string>0</string>
		</dict>
		<key>BA689A6618EEA2B800AF85E1</key>
		<dict>
			<key>buildActionMask</key>
			<string>2147483647</string>
			<key>files</key>
			<array>
				<string>BA689A8418EEA2B900AF85E1</string>
				<string>BA689A7618EEA2B900AF85E1</string>
				<string>BA689A7F18EEA2B900AF85E1</string>
			</array>
			<key>isa</key>
			<string>PBXResourcesBuildPhase</string>
			<key>runOnlyForDeploymentPostprocessing</key>
			<string>0</string>
		</dict>
		<key>BA689A6718EEA2B800AF85E1</key>
		<dict>
			<key>buildConfigurationList</key>
			<string>BA689A9A18EEA2B900AF85E1</string>
			<key>buildPhases</key>
			<array>
				<string>320B90176E5A48C9B98E34A9</string>
				<string>BA689A6418EEA2B800AF85E1</string>
				<string>BA689A6518EEA2B800AF85E1</string>
				<string>BA689A6618EEA2B800AF85E1</string>
				<string>A8DF58989430426C87A1718A</string>
			</array>
			<key>buildRules</key>
			<array/>
			<key>dependencies</key>
			<array/>
			<key>isa</key>
			<string>PBXNativeTarget</string>
			<key>name</key>
			<string>TCPTest</string>
			<key>productName</key>
			<string>TCPTest</string>
			<key>productReference</key>
			<string>BA689A6818EEA2B900AF85E1</string>
			<key>productType</key>
			<string>com.apple.product-type.application</string>
		</dict>
		<key>BA689A6818EEA2B900AF85E1</key>
		<dict>
			<key>explicitFileType</key>
			<string>wrapper.application</string>
			<key>includeInIndex</key>
			<string>0</string>
			<key>isa</key>
			<string>PBXFileReference</string>
			<key>path</key>
			<string>TCPTest.app</string>
			<key>sourceTree</key>
			<string>BUILT_PRODUCTS_DIR</string>
		</dict>
		<key>BA689A6918EEA2B900AF85E1</key>
		<dict>
			<key>children</key>
			<array>
				<string>BA689A6818EEA2B900AF85E1</string>
				<string>BA689A8918EEA2B900AF85E1</string>
			</array>
			<key>isa</key>
			<string>PBXGroup</string>
			<key>name</key>
			<string>Products</string>
			<key>sourceTree</key>
			<string>&lt;group&gt;</string>
		</dict>
		<key>BA689A6A18EEA2B900AF85E1</key>
		<dict>
			<key>children</key>
			<array>
				<string>BA689A6B18EEA2B900AF85E1</string>
				<string>BA689A6D18EEA2B900AF85E1</string>
				<string>BA689A6F18EEA2B900AF85E1</string>
				<string>BA689A8A18EEA2B900AF85E1</string>
				<string>46C7500CCBE749CBA8D21A79</string>
			</array>
			<key>isa</key>
			<string>PBXGroup</string>
			<key>name</key>
			<string>Frameworks</string>
			<key>sourceTree</key>
			<string>&lt;group&gt;</string>
		</dict>
		<key>BA689A6B18EEA2B900AF85E1</key>
		<dict>
			<key>isa</key>
			<string>PBXFileReference</string>
			<key>lastKnownFileType</key>
			<string>wrapper.framework</string>
			<key>name</key>
			<string>Foundation.framework</string>
			<key>path</key>
			<string>System/Library/Frameworks/Foundation.framework</string>
			<key>sourceTree</key>
			<string>SDKROOT</string>
		</dict>
		<key>BA689A6C18EEA2B900AF85E1</key>
		<dict>
			<key>fileRef</key>
			<string>BA689A6B18EEA2B900AF85E1</string>
			<key>isa</key>
			<string>PBXBuildFile</string>
		</dict>
		<key>BA689A6D18EEA2B900AF85E1</key>
		<dict>
			<key>isa</key>
			<string>PBXFileReference</string>
			<key>lastKnownFileType</key>
			<string>wrapper.framework</string>
			<key>name</key>
			<string>CoreGraphics.framework</string>
			<key>path</key>
			<string>System/Library/Frameworks/CoreGraphics.framework</string>
			<key>sourceTree</key>
			<string>SDKROOT</string>
		</dict>
		<key>BA689A6E18EEA2B900AF85E1</key>
		<dict>
			<key>fileRef</key>
			<string>BA689A6D18EEA2B900AF85E1</string>
			<key>isa</key>
			<string>PBXBuildFile</string>
		</dict>
		<key>BA689A6F18EEA2B900AF85E1</key>
		<dict>
			<key>isa</key>
			<string>PBXFileReference</string>
			<key>lastKnownFileType</key>
			<string>wrapper.framework</string>
			<key>name</key>
			<string>UIKit.framework</string>
			<key>path</key>
			<string>System/Library/Frameworks/UIKit.framework</string>
			<key>sourceTree</key>
			<string>SDKROOT</string>
		</dict>
		<key>BA689A7018EEA2B900AF85E1</key>
		<dict>
			<key>fileRef</key>
			<string>BA689A6F18EEA2B900AF85E1</string>
			<key>isa</key>
			<string>PBXBuildFile</string>
		</dict>
		<key>BA689A7118EEA2B900AF85E1</key>
		<dict>
			<key>children</key>
			<array>
				<string>BA689A7A18EEA2B900AF85E1</string>
				<string>BA689A7B18EEA2B900AF85E1</string>
				<string>BA689A7D18EEA2B900AF85E1</string>
				<string>BA689A8018EEA2B900AF85E1</string>
				<string>BA689A8118EEA2B900AF85E1</string>
				<string>BA689A8318EEA2B900AF85E1</string>
				<string>BA689A7218EEA2B900AF85E1</string>
			</array>
			<key>isa</key>
			<string>PBXGroup</string>
			<key>path</key>
			<string>TCPTest</string>
			<key>sourceTree</key>
			<string>&lt;group&gt;</string>
		</dict>
		<key>BA689A7218EEA2B900AF85E1</key>
		<dict>
			<key>children</key>
			<array>
				<string>BA689A7318EEA2B900AF85E1</string>
				<string>BA689A7418EEA2B900AF85E1</string>
				<string>BA689A7718EEA2B900AF85E1</string>
				<string>BA689A7918EEA2B900AF85E1</string>
			</array>
			<key>isa</key>
			<string>PBXGroup</string>
			<key>name</key>
			<string>Supporting Files</string>
			<key>sourceTree</key>
			<string>&lt;group&gt;</string>
		</dict>
		<key>BA689A7318EEA2B900AF85E1</key>
		<dict>
			<key>isa</key>
			<string>PBXFileReference</string>
			<key>lastKnownFileType</key>
			<string>text.plist.xml</string>
			<key>path</key>
			<string>TCPTest-Info.plist</string>
			<key>sourceTree</key>
			<string>&lt;group&gt;</string>
		</dict>
		<key>BA689A7418EEA2B900AF85E1</key>
		<dict>
			<key>children</key>
			<array>
				<string>BA689A7518EEA2B900AF85E1</string>
			</array>
			<key>isa</key>
			<string>PBXVariantGroup</string>
			<key>name</key>
			<string>InfoPlist.strings</string>
			<key>sourceTree</key>
			<string>&lt;group&gt;</string>
		</dict>
		<key>BA689A7518EEA2B900AF85E1</key>
		<dict>
			<key>isa</key>
			<string>PBXFileReference</string>
			<key>lastKnownFileType</key>
			<string>text.plist.strings</string>
			<key>name</key>
			<string>en</string>
			<key>path</key>
			<string>en.lproj/InfoPlist.strings</string>
			<key>sourceTree</key>
			<string>&lt;group&gt;</string>
		</dict>
		<key>BA689A7618EEA2B900AF85E1</key>
		<dict>
			<key>fileRef</key>
			<string>BA689A7418EEA2B900AF85E1</string>
			<key>isa</key>
			<string>PBXBuildFile</string>
		</dict>
		<key>BA689A7718EEA2B900AF85E1</key>
		<dict>
			<key>isa</key>
			<string>PBXFileReference</string>
			<key>lastKnownFileType</key>
			<string>sourcecode.c.objc</string>
			<key>path</key>
			<string>main.m</string>
			<key>sourceTree</key>
			<string>&lt;group&gt;</string>
		</dict>
		<key>BA689A7818EEA2B900AF85E1</key>
		<dict>
			<key>fileRef</key>
			<string>BA689A7718EEA2B900AF85E1</string>
			<key>isa</key>
			<string>PBXBuildFile</string>
		</dict>
		<key>BA689A7918EEA2B900AF85E1</key>
		<dict>
			<key>isa</key>
			<string>PBXFileReference</string>
			<key>lastKnownFileType</key>
			<string>sourcecode.c.h</string>
			<key>path</key>
			<string>TCPTest-Prefix.pch</string>
			<key>sourceTree</key>
			<string>&lt;group&gt;</string>
		</dict>
		<key>BA689A7A18EEA2B900AF85E1</key>
		<dict>
			<key>isa</key>
			<string>PBXFileReference</string>
			<key>lastKnownFileType</key>
			<string>sourcecode.c.h</string>
			<key>path</key>
			<string>IMAppDelegate.h</string>
			<key>sourceTree</key>
			<string>&lt;group&gt;</string>
		</dict>
		<key>BA689A7B18EEA2B900AF85E1</key>
		<dict>
			<key>isa</key>
			<string>PBXFileReference</string>
			<key>lastKnownFileType</key>
			<string>sourcecode.c.objc</string>
			<key>path</key>
			<string>IMAppDelegate.m</string>
			<key>sourceTree</key>
			<string>&lt;group&gt;</string>
		</dict>
		<key>BA689A7C18EEA2B900AF85E1</key>
		<dict>
			<key>fileRef</key>
			<string>BA689A7B18EEA2B900AF85E1</string>
			<key>isa</key>
			<string>PBXBuildFile</string>
		</dict>
		<key>BA689A7D18EEA2B900AF85E1</key>
		<dict>
			<key>children</key>
			<array>
				<string>BA689A7E18EEA2B900AF85E1</string>
			</array>
			<key>isa</key>
			<string>PBXVariantGroup</string>
			<key>name</key>
			<string>Main.storyboard</string>
			<key>sourceTree</key>
			<string>&lt;group&gt;</string>
		</dict>
		<key>BA689A7E18EEA2B900AF85E1</key>
		<dict>
			<key>isa</key>
			<string>PBXFileReference</string>
			<key>lastKnownFileType</key>
			<string>file.storyboard</string>
			<key>name</key>
			<string>Base</string>
			<key>path</key>
			<string>Base.lproj/Main.storyboard</string>
			<key>sourceTree</key>
			<string>&lt;group&gt;</string>
		</dict>
		<key>BA689A7F18EEA2B900AF85E1</key>
		<dict>
			<key>fileRef</key>
			<string>BA689A7D18EEA2B900AF85E1</string>
			<key>isa</key>
			<string>PBXBuildFile</string>
		</dict>
		<key>BA689A8018EEA2B900AF85E1</key>
		<dict>
			<key>isa</key>
			<string>PBXFileReference</string>
			<key>lastKnownFileType</key>
			<string>sourcecode.c.h</string>
			<key>path</key>
			<string>IMViewController.h</string>
			<key>sourceTree</key>
			<string>&lt;group&gt;</string>
		</dict>
		<key>BA689A8118EEA2B900AF85E1</key>
		<dict>
			<key>isa</key>
			<string>PBXFileReference</string>
			<key>lastKnownFileType</key>
			<string>sourcecode.c.objc</string>
			<key>path</key>
			<string>IMViewController.m</string>
			<key>sourceTree</key>
			<string>&lt;group&gt;</string>
		</dict>
		<key>BA689A8218EEA2B900AF85E1</key>
		<dict>
			<key>fileRef</key>
			<string>BA689A8118EEA2B900AF85E1</string>
			<key>isa</key>
			<string>PBXBuildFile</string>
		</dict>
		<key>BA689A8318EEA2B900AF85E1</key>
		<dict>
			<key>isa</key>
			<string>PBXFileReference</string>
			<key>lastKnownFileType</key>
			<string>folder.assetcatalog</string>
			<key>path</key>
			<string>Images.xcassets</string>
			<key>sourceTree</key>
			<string>&lt;group&gt;</string>
		</dict>
		<key>BA689A8418EEA2B900AF85E1</key>
		<dict>
			<key>fileRef</key>
			<string>BA689A8318EEA2B900AF85E1</string>
			<key>isa</key>
			<string>PBXBuildFile</string>
		</dict>
		<key>BA689A8518EEA2B900AF85E1</key>
		<dict>
			<key>buildActionMask</key>
			<string>2147483647</string>
			<key>files</key>
			<array>
				<string>BA689A9718EEA2B900AF85E1</string>
			</array>
			<key>isa</key>
			<string>PBXSourcesBuildPhase</string>
			<key>runOnlyForDeploymentPostprocessing</key>
			<string>0</string>
		</dict>
		<key>BA689A8618EEA2B900AF85E1</key>
		<dict>
			<key>buildActionMask</key>
			<string>2147483647</string>
			<key>files</key>
			<array>
				<string>BA689A8B18EEA2B900AF85E1</string>
				<string>BA689A8D18EEA2B900AF85E1</string>
				<string>BA689A8C18EEA2B900AF85E1</string>
			</array>
			<key>isa</key>
			<string>PBXFrameworksBuildPhase</string>
			<key>runOnlyForDeploymentPostprocessing</key>
			<string>0</string>
		</dict>
		<key>BA689A8718EEA2B900AF85E1</key>
		<dict>
			<key>buildActionMask</key>
			<string>2147483647</string>
			<key>files</key>
			<array>
				<string>BA689A9518EEA2B900AF85E1</string>
			</array>
			<key>isa</key>
			<string>PBXResourcesBuildPhase</string>
			<key>runOnlyForDeploymentPostprocessing</key>
			<string>0</string>
		</dict>
		<key>BA689A8818EEA2B900AF85E1</key>
		<dict>
			<key>buildConfigurationList</key>
			<string>BA689A9D18EEA2B900AF85E1</string>
			<key>buildPhases</key>
			<array>
				<string>BA689A8518EEA2B900AF85E1</string>
				<string>BA689A8618EEA2B900AF85E1</string>
				<string>BA689A8718EEA2B900AF85E1</string>
			</array>
			<key>buildRules</key>
			<array/>
			<key>dependencies</key>
			<array>
				<string>BA689A8F18EEA2B900AF85E1</string>
			</array>
			<key>isa</key>
			<string>PBXNativeTarget</string>
			<key>name</key>
			<string>TCPTestTests</string>
			<key>productName</key>
			<string>TCPTestTests</string>
			<key>productReference</key>
			<string>BA689A8918EEA2B900AF85E1</string>
			<key>productType</key>
			<string>com.apple.product-type.bundle.unit-test</string>
		</dict>
		<key>BA689A8918EEA2B900AF85E1</key>
		<dict>
			<key>explicitFileType</key>
			<string>wrapper.cfbundle</string>
			<key>includeInIndex</key>
			<string>0</string>
			<key>isa</key>
			<string>PBXFileReference</string>
			<key>path</key>
			<string>TCPTestTests.xctest</string>
			<key>sourceTree</key>
			<string>BUILT_PRODUCTS_DIR</string>
		</dict>
		<key>BA689A8A18EEA2B900AF85E1</key>
		<dict>
			<key>isa</key>
			<string>PBXFileReference</string>
			<key>lastKnownFileType</key>
			<string>wrapper.framework</string>
			<key>name</key>
			<string>XCTest.framework</string>
			<key>path</key>
			<string>Library/Frameworks/XCTest.framework</string>
			<key>sourceTree</key>
			<string>DEVELOPER_DIR</string>
		</dict>
		<key>BA689A8B18EEA2B900AF85E1</key>
		<dict>
			<key>fileRef</key>
			<string>BA689A8A18EEA2B900AF85E1</string>
			<key>isa</key>
			<string>PBXBuildFile</string>
		</dict>
		<key>BA689A8C18EEA2B900AF85E1</key>
		<dict>
			<key>fileRef</key>
			<string>BA689A6B18EEA2B900AF85E1</string>
			<key>isa</key>
			<string>PBXBuildFile</string>
		</dict>
		<key>BA689A8D18EEA2B900AF85E1</key>
		<dict>
			<key>fileRef</key>
			<string>BA689A6F18EEA2B900AF85E1</string>
			<key>isa</key>
			<string>PBXBuildFile</string>
		</dict>
		<key>BA689A8E18EEA2B900AF85E1</key>
		<dict>
			<key>containerPortal</key>
			<string>BA689A6018EEA2B800AF85E1</string>
			<key>isa</key>
			<string>PBXContainerItemProxy</string>
			<key>proxyType</key>
			<string>1</string>
			<key>remoteGlobalIDString</key>
			<string>BA689A6718EEA2B800AF85E1</string>
			<key>remoteInfo</key>
			<string>TCPTest</string>
		</dict>
		<key>BA689A8F18EEA2B900AF85E1</key>
		<dict>
			<key>isa</key>
			<string>PBXTargetDependency</string>
			<key>target</key>
			<string>BA689A6718EEA2B800AF85E1</string>
			<key>targetProxy</key>
			<string>BA689A8E18EEA2B900AF85E1</string>
		</dict>
		<key>BA689A9018EEA2B900AF85E1</key>
		<dict>
			<key>children</key>
			<array>
				<string>BA689A9618EEA2B900AF85E1</string>
				<string>BA689A9118EEA2B900AF85E1</string>
			</array>
			<key>isa</key>
			<string>PBXGroup</string>
			<key>path</key>
			<string>TCPTestTests</string>
			<key>sourceTree</key>
			<string>&lt;group&gt;</string>
		</dict>
		<key>BA689A9118EEA2B900AF85E1</key>
		<dict>
			<key>children</key>
			<array>
				<string>BA689A9218EEA2B900AF85E1</string>
				<string>BA689A9318EEA2B900AF85E1</string>
			</array>
			<key>isa</key>
			<string>PBXGroup</string>
			<key>name</key>
			<string>Supporting Files</string>
			<key>sourceTree</key>
			<string>&lt;group&gt;</string>
		</dict>
		<key>BA689A9218EEA2B900AF85E1</key>
		<dict>
			<key>isa</key>
			<string>PBXFileReference</string>
			<key>lastKnownFileType</key>
			<string>text.plist.xml</string>
			<key>path</key>
			<string>TCPTestTests-Info.plist</string>
			<key>sourceTree</key>
			<string>&lt;group&gt;</string>
		</dict>
		<key>BA689A9318EEA2B900AF85E1</key>
		<dict>
			<key>children</key>
			<array>
				<string>BA689A9418EEA2B900AF85E1</string>
			</array>
			<key>isa</key>
			<string>PBXVariantGroup</string>
			<key>name</key>
			<string>InfoPlist.strings</string>
			<key>sourceTree</key>
			<string>&lt;group&gt;</string>
		</dict>
		<key>BA689A9418EEA2B900AF85E1</key>
		<dict>
			<key>isa</key>
			<string>PBXFileReference</string>
			<key>lastKnownFileType</key>
			<string>text.plist.strings</string>
			<key>name</key>
			<string>en</string>
			<key>path</key>
			<string>en.lproj/InfoPlist.strings</string>
			<key>sourceTree</key>
			<string>&lt;group&gt;</string>
		</dict>
		<key>BA689A9518EEA2B900AF85E1</key>
		<dict>
			<key>fileRef</key>
			<string>BA689A9318EEA2B900AF85E1</string>
			<key>isa</key>
			<string>PBXBuildFile</string>
		</dict>
		<key>BA689A9618EEA2B900AF85E1</key>
		<dict>
			<key>isa</key>
			<string>PBXFileReference</string>
			<key>lastKnownFileType</key>
			<string>sourcecode.c.objc</string>
			<key>path</key>
			<string>TCPTestTests.m</string>
			<key>sourceTree</key>
			<string>&lt;group&gt;</string>
		</dict>
		<key>BA689A9718EEA2B900AF85E1</key>
		<dict>
			<key>fileRef</key>
			<string>BA689A9618EEA2B900AF85E1</string>
			<key>isa</key>
			<string>PBXBuildFile</string>
		</dict>
		<key>BA689A9818EEA2B900AF85E1</key>
		<dict>
			<key>buildSettings</key>
			<dict>
				<key>ALWAYS_SEARCH_USER_PATHS</key>
				<string>NO</string>
				<key>CLANG_CXX_LANGUAGE_STANDARD</key>
				<string>gnu++0x</string>
				<key>CLANG_CXX_LIBRARY</key>
				<string>libc++</string>
				<key>CLANG_ENABLE_MODULES</key>
				<string>YES</string>
				<key>CLANG_ENABLE_OBJC_ARC</key>
				<string>YES</string>
				<key>CLANG_WARN_BOOL_CONVERSION</key>
				<string>YES</string>
				<key>CLANG_WARN_CONSTANT_CONVERSION</key>
				<string>YES</string>
				<key>CLANG_WARN_DIRECT_OBJC_ISA_USAGE</key>
				<string>YES_ERROR</string>
				<key>CLANG_WARN_EMPTY_BODY</key>
				<string>YES</string>
				<key>CLANG_WARN_ENUM_CONVERSION</key>
				<string>YES</string>
				<key>CLANG_WARN_INT_CONVERSION</key>
				<string>YES</string>
				<key>CLANG_WARN_OBJC_ROOT_CLASS</key>
				<string>YES_ERROR</string>
				<key>CLANG_WARN__DUPLICATE_METHOD_MATCH</key>
				<string>YES</string>
				<key>CODE_SIGN_IDENTITY[sdk=iphoneos*]</key>
				<string>iPhone Developer</string>
				<key>COPY_PHASE_STRIP</key>
				<string>NO</string>
				<key>GCC_C_LANGUAGE_STANDARD</key>
				<string>gnu99</string>
				<key>GCC_DYNAMIC_NO_PIC</key>
				<string>NO</string>
				<key>GCC_OPTIMIZATION_LEVEL</key>
				<string>0</string>
				<key>GCC_PREPROCESSOR_DEFINITIONS</key>
				<array>
					<string>DEBUG=1</string>
					<string>$(inherited)</string>
				</array>
				<key>GCC_SYMBOLS_PRIVATE_EXTERN</key>
				<string>NO</string>
				<key>GCC_WARN_64_TO_32_BIT_CONVERSION</key>
				<string>YES</string>
				<key>GCC_WARN_ABOUT_RETURN_TYPE</key>
				<string>YES_ERROR</string>
				<key>GCC_WARN_UNDECLARED_SELECTOR</key>
				<string>YES</string>
				<key>GCC_WARN_UNINITIALIZED_AUTOS</key>
				<string>YES_AGGRESSIVE</string>
				<key>GCC_WARN_UNUSED_FUNCTION</key>
				<string>YES</string>
				<key>GCC_WARN_UNUSED_VARIABLE</key>
				<string>YES</string>
				<key>IPHONEOS_DEPLOYMENT_TARGET</key>
				<string>7.1</string>
				<key>ONLY_ACTIVE_ARCH</key>
				<string>YES</string>
				<key>SDKROOT</key>
				<string>iphoneos</string>
			</dict>
			<key>isa</key>
			<string>XCBuildConfiguration</string>
			<key>name</key>
			<string>Debug</string>
		</dict>
		<key>BA689A9918EEA2B900AF85E1</key>
		<dict>
			<key>buildSettings</key>
			<dict>
				<key>ALWAYS_SEARCH_USER_PATHS</key>
				<string>NO</string>
				<key>CLANG_CXX_LANGUAGE_STANDARD</key>
				<string>gnu++0x</string>
				<key>CLANG_CXX_LIBRARY</key>
				<string>libc++</string>
				<key>CLANG_ENABLE_MODULES</key>
				<string>YES</string>
				<key>CLANG_ENABLE_OBJC_ARC</key>
				<string>YES</string>
				<key>CLANG_WARN_BOOL_CONVERSION</key>
				<string>YES</string>
				<key>CLANG_WARN_CONSTANT_CONVERSION</key>
				<string>YES</string>
				<key>CLANG_WARN_DIRECT_OBJC_ISA_USAGE</key>
				<string>YES_ERROR</string>
				<key>CLANG_WARN_EMPTY_BODY</key>
				<string>YES</string>
				<key>CLANG_WARN_ENUM_CONVERSION</key>
				<string>YES</string>
				<key>CLANG_WARN_INT_CONVERSION</key>
				<string>YES</string>
				<key>CLANG_WARN_OBJC_ROOT_CLASS</key>
				<string>YES_ERROR</string>
				<key>CLANG_WARN__DUPLICATE_METHOD_MATCH</key>
				<string>YES</string>
				<key>CODE_SIGN_IDENTITY[sdk=iphoneos*]</key>
				<string>iPhone Developer</string>
				<key>COPY_PHASE_STRIP</key>
				<string>YES</string>
				<key>ENABLE_NS_ASSERTIONS</key>
				<string>NO</string>
				<key>GCC_C_LANGUAGE_STANDARD</key>
				<string>gnu99</string>
				<key>GCC_WARN_64_TO_32_BIT_CONVERSION</key>
				<string>YES</string>
				<key>GCC_WARN_ABOUT_RETURN_TYPE</key>
				<string>YES_ERROR</string>
				<key>GCC_WARN_UNDECLARED_SELECTOR</key>
				<string>YES</string>
				<key>GCC_WARN_UNINITIALIZED_AUTOS</key>
				<string>YES_AGGRESSIVE</string>
				<key>GCC_WARN_UNUSED_FUNCTION</key>
				<string>YES</string>
				<key>GCC_WARN_UNUSED_VARIABLE</key>
				<string>YES</string>
				<key>IPHONEOS_DEPLOYMENT_TARGET</key>
				<string>7.1</string>
				<key>SDKROOT</key>
				<string>iphoneos</string>
				<key>VALIDATE_PRODUCT</key>
				<string>YES</string>
			</dict>
			<key>isa</key>
			<string>XCBuildConfiguration</string>
			<key>name</key>
			<string>Release</string>
		</dict>
		<key>BA689A9A18EEA2B900AF85E1</key>
		<dict>
			<key>buildConfigurations</key>
			<array>
				<string>BA689A9B18EEA2B900AF85E1</string>
				<string>BA689A9C18EEA2B900AF85E1</string>
			</array>
			<key>defaultConfigurationIsVisible</key>
			<string>0</string>
			<key>isa</key>
			<string>XCConfigurationList</string>
		</dict>
		<key>BA689A9B18EEA2B900AF85E1</key>
		<dict>
			<key>baseConfigurationReference</key>
			<string>9ABCC108FC594C44BE9EA9A3</string>
			<key>buildSettings</key>
			<dict>
				<key>ASSETCATALOG_COMPILER_APPICON_NAME</key>
				<string>AppIcon</string>
				<key>ASSETCATALOG_COMPILER_LAUNCHIMAGE_NAME</key>
				<string>LaunchImage</string>
				<key>GCC_PRECOMPILE_PREFIX_HEADER</key>
				<string>YES</string>
				<key>GCC_PREFIX_HEADER</key>
				<string>TCPTest/TCPTest-Prefix.pch</string>
				<key>INFOPLIST_FILE</key>
				<string>TCPTest/TCPTest-Info.plist</string>
				<key>PRODUCT_NAME</key>
				<string>$(TARGET_NAME)</string>
				<key>WRAPPER_EXTENSION</key>
				<string>app</string>
			</dict>
			<key>isa</key>
			<string>XCBuildConfiguration</string>
			<key>name</key>
			<string>Debug</string>
		</dict>
		<key>BA689A9C18EEA2B900AF85E1</key>
		<dict>
			<key>baseConfigurationReference</key>
			<string>9ABCC108FC594C44BE9EA9A3</string>
			<key>buildSettings</key>
			<dict>
				<key>ASSETCATALOG_COMPILER_APPICON_NAME</key>
				<string>AppIcon</string>
				<key>ASSETCATALOG_COMPILER_LAUNCHIMAGE_NAME</key>
				<string>LaunchImage</string>
				<key>GCC_PRECOMPILE_PREFIX_HEADER</key>
				<string>YES</string>
				<key>GCC_PREFIX_HEADER</key>
				<string>TCPTest/TCPTest-Prefix.pch</string>
				<key>INFOPLIST_FILE</key>
				<string>TCPTest/TCPTest-Info.plist</string>
				<key>PRODUCT_NAME</key>
				<string>$(TARGET_NAME)</string>
				<key>WRAPPER_EXTENSION</key>
				<string>app</string>
			</dict>
			<key>isa</key>
			<string>XCBuildConfiguration</string>
			<key>name</key>
			<string>Release</string>
		</dict>
		<key>BA689A9D18EEA2B900AF85E1</key>
		<dict>
			<key>buildConfigurations</key>
			<array>
				<string>BA689A9E18EEA2B900AF85E1</string>
				<string>BA689A9F18EEA2B900AF85E1</string>
			</array>
			<key>defaultConfigurationIsVisible</key>
			<string>0</string>
			<key>isa</key>
			<string>XCConfigurationList</string>
		</dict>
		<key>BA689A9E18EEA2B900AF85E1</key>
		<dict>
			<key>buildSettings</key>
			<dict>
				<key>BUNDLE_LOADER</key>
				<string>$(BUILT_PRODUCTS_DIR)/TCPTest.app/TCPTest</string>
				<key>FRAMEWORK_SEARCH_PATHS</key>
				<array>
					<string>$(SDKROOT)/Developer/Library/Frameworks</string>
					<string>$(inherited)</string>
					<string>$(DEVELOPER_FRAMEWORKS_DIR)</string>
				</array>
				<key>GCC_PRECOMPILE_PREFIX_HEADER</key>
				<string>YES</string>
				<key>GCC_PREFIX_HEADER</key>
				<string>TCPTest/TCPTest-Prefix.pch</string>
				<key>GCC_PREPROCESSOR_DEFINITIONS</key>
				<array>
					<string>DEBUG=1</string>
					<string>$(inherited)</string>
				</array>
				<key>INFOPLIST_FILE</key>
				<string>TCPTestTests/TCPTestTests-Info.plist</string>
				<key>PRODUCT_NAME</key>
				<string>$(TARGET_NAME)</string>
				<key>TEST_HOST</key>
				<string>$(BUNDLE_LOADER)</string>
				<key>WRAPPER_EXTENSION</key>
				<string>xctest</string>
			</dict>
			<key>isa</key>
			<string>XCBuildConfiguration</string>
			<key>name</key>
			<string>Debug</string>
		</dict>
		<key>BA689A9F18EEA2B900AF85E1</key>
		<dict>
			<key>buildSettings</key>
			<dict>
				<key>BUNDLE_LOADER</key>
				<string>$(BUILT_PRODUCTS_DIR)/TCPTest.app/TCPTest</string>
				<key>FRAMEWORK_SEARCH_PATHS</key>
				<array>
					<string>$(SDKROOT)/Developer/Library/Frameworks</string>
					<string>$(inherited)</string>
					<string>$(DEVELOPER_FRAMEWORKS_DIR)</string>
				</array>
				<key>GCC_PRECOMPILE_PREFIX_HEADER</key>
				<string>YES</string>
				<key>GCC_PREFIX_HEADER</key>
				<string>TCPTest/TCPTest-Prefix.pch</string>
				<key>INFOPLIST_FILE</key>
				<string>TCPTestTests/TCPTestTests-Info.plist</string>
				<key>PRODUCT_NAME</key>
				<string>$(TARGET_NAME)</string>
				<key>TEST_HOST</key>
				<string>$(BUNDLE_LOADER)</string>
				<key>WRAPPER_EXTENSION</key>
				<string>xctest</string>
			</dict>
			<key>isa</key>
			<string>XCBuildConfiguration</string>
			<key>name</key>
			<string>Release</string>
		</dict>
		<key>CA8866F0B32D4AB796A4D3D1</key>
		<dict>
			<key>fileRef</key>
			<string>46C7500CCBE749CBA8D21A79</string>
			<key>isa</key>
			<string>PBXBuildFile</string>
		</dict>
	</dict>
	<key>rootObject</key>
	<string>BA689A6018EEA2B800AF85E1</string>
</dict>
</plist>
